
Microsoft Visual Studio Solution File, Format Version 12.00
# Visual Studio Version 17
VisualStudioVersion = 17.13.35828.75
MinimumVisualStudioVersion = 10.0.40219.1
Project("{FAE04EC0-301F-11D3-BF4B-00C04F79EFBC}") = "ApiEstudo", "ApiEstudo\ApiEstudo.csproj", "{3EBA118B-4927-4BB3-B06B-E85EDB9932DB}"
EndProject
Project("{2150E333-8FDC-42A3-9474-1A3956D46DE8}") = "Solution Items", "Solution Items", "{02EA681E-C7D8-13C7-8484-4AC65E1B71E8}"
	ProjectSection(SolutionItems) = preProject
		.editorconfig = .editorconfig
	EndProjectSection
EndProject
Project("{FAE04EC0-301F-11D3-BF4B-00C04F79EFBC}") = "ApiEstudoxUnitTests", "ApiEstudoxUnitTests\ApiEstudoxUnitTests.csproj", "{07991756-FD32-425F-9873-3E0A49911DD9}"
EndProject
Global
	GlobalSection(SolutionConfigurationPlatforms) = preSolution
		Debug|Any CPU = Debug|Any CPU
		Release|Any CPU = Release|Any CPU
	EndGlobalSection
	GlobalSection(ProjectConfigurationPlatforms) = postSolution
		{3EBA118B-4927-4BB3-B06B-E85EDB9932DB}.Debug|Any CPU.ActiveCfg = Debug|Any CPU
		{3EBA118B-4927-4BB3-B06B-E85EDB9932DB}.Debug|Any CPU.Build.0 = Debug|Any CPU
		{3EBA118B-4927-4BB3-B06B-E85EDB9932DB}.Release|Any CPU.ActiveCfg = Release|Any CPU
		{3EBA118B-4927-4BB3-B06B-E85EDB9932DB}.Release|Any CPU.Build.0 = Release|Any CPU
		{07991756-FD32-425F-9873-3E0A49911DD9}.Debug|Any CPU.ActiveCfg = Debug|Any CPU
		{07991756-FD32-425F-9873-3E0A49911DD9}.Debug|Any CPU.Build.0 = Debug|Any CPU
		{07991756-FD32-425F-9873-3E0A49911DD9}.Release|Any CPU.ActiveCfg = Release|Any CPU
		{07991756-FD32-425F-9873-3E0A49911DD9}.Release|Any CPU.Build.0 = Release|Any CPU
	EndGlobalSection
	GlobalSection(SolutionProperties) = preSolution
		HideSolutionNode = FALSE
	EndGlobalSection
	GlobalSection(ExtensibilityGlobals) = postSolution
		SolutionGuid = {DDE652C4-46B2-448A-ABA2-ED0FFB076222}
	EndGlobalSection
EndGlobal
